
Microsoft Visual Studio Solution File, Format Version 12.00
# Visual Studio Version 17
VisualStudioVersion = 17.2.32616.157
MinimumVisualStudioVersion = 10.0.40219.1
Project("{9A19103F-16F7-4668-BE54-9A1E7A4F7556}") = "TP03", "TP03\TP03.csproj", "{CA4ED993-5163-4951-BCF8-ED31039722C3}"
EndProject
Project("{FAE04EC0-301F-11D3-BF4B-00C04F79EFBC}") = "TestProject_D1_Dauteuil", "TestProject_D1_Dauteuil\TestProject_D1_Dauteuil.csproj", "{31C085F4-A101-4269-88DC-CE02D664F5DE}"
EndProject
Global
	GlobalSection(SolutionConfigurationPlatforms) = preSolution
		Debug|Any CPU = Debug|Any CPU
		Release|Any CPU = Release|Any CPU
	EndGlobalSection
	GlobalSection(ProjectConfigurationPlatforms) = postSolution
		{CA4ED993-5163-4951-BCF8-ED31039722C3}.Debug|Any CPU.ActiveCfg = Debug|Any CPU
		{CA4ED993-5163-4951-BCF8-ED31039722C3}.Debug|Any CPU.Build.0 = Debug|Any CPU
		{CA4ED993-5163-4951-BCF8-ED31039722C3}.Release|Any CPU.ActiveCfg = Release|Any CPU
		{CA4ED993-5163-4951-BCF8-ED31039722C3}.Release|Any CPU.Build.0 = Release|Any CPU
		{31C085F4-A101-4269-88DC-CE02D664F5DE}.Debug|Any CPU.ActiveCfg = Debug|Any CPU
		{31C085F4-A101-4269-88DC-CE02D664F5DE}.Debug|Any CPU.Build.0 = Debug|Any CPU
		{31C085F4-A101-4269-88DC-CE02D664F5DE}.Release|Any CPU.ActiveCfg = Release|Any CPU
		{31C085F4-A101-4269-88DC-CE02D664F5DE}.Release|Any CPU.Build.0 = Release|Any CPU
	EndGlobalSection
	GlobalSection(SolutionProperties) = preSolution
		HideSolutionNode = FALSE
	EndGlobalSection
	GlobalSection(ExtensibilityGlobals) = postSolution
		SolutionGuid = {E78EE8E9-685B-45D2-A9CF-B932B59C5F84}
	EndGlobalSection
EndGlobal
